// !$*UTF8*$!
{
	archiveVersion = 1;
	classes = {
	};
	objectVersion = 51;
	objects = {

/* Begin PBXBuildFile section */
		754721752639A02200859C50 /* Animations.swift in Sources */ = {isa = PBXBuildFile; fileRef = 754721742639A02200859C50 /* Animations.swift */; };
		75E53E782638610B0085CE38 /* AppDelegate.swift in Sources */ = {isa = PBXBuildFile; fileRef = 75E53E772638610B0085CE38 /* AppDelegate.swift */; };
		75E53E7A2638610B0085CE38 /* SceneDelegate.swift in Sources */ = {isa = PBXBuildFile; fileRef = 75E53E792638610B0085CE38 /* SceneDelegate.swift */; };
		75E53E7C2638610B0085CE38 /* ViewController.swift in Sources */ = {isa = PBXBuildFile; fileRef = 75E53E7B2638610B0085CE38 /* ViewController.swift */; };
		75E53E7F2638610B0085CE38 /* Main.storyboard in Resources */ = {isa = PBXBuildFile; fileRef = 75E53E7D2638610B0085CE38 /* Main.storyboard */; };
		75E53E812638610B0085CE38 /* Assets.xcassets in Resources */ = {isa = PBXBuildFile; fileRef = 75E53E802638610B0085CE38 /* Assets.xcassets */; };
		75E53E842638610B0085CE38 /* LaunchScreen.storyboard in Resources */ = {isa = PBXBuildFile; fileRef = 75E53E822638610B0085CE38 /* LaunchScreen.storyboard */; };
		B8712B2DD848005666D9D256 /* Pods_TeachSpring.framework in Frameworks */ = {isa = PBXBuildFile; fileRef = 5C16E453FAA905977951FDF1 /* Pods_TeachSpring.framework */; };
/* End PBXBuildFile section */

/* Begin PBXFileReference section */
		0484DEECBFA78A35C8088F9E /* Pods-TeachSpring.debug.xcconfig */ = {isa = PBXFileReference; includeInIndex = 1; lastKnownFileType = text.xcconfig; name = "Pods-TeachSpring.debug.xcconfig"; path = "Target Support Files/Pods-TeachSpring/Pods-TeachSpring.debug.xcconfig"; sourceTree = "<group>"; };
		5C16E453FAA905977951FDF1 /* Pods_TeachSpring.framework */ = {isa = PBXFileReference; explicitFileType = wrapper.framework; includeInIndex = 0; path = Pods_TeachSpring.framework; sourceTree = BUILT_PRODUCTS_DIR; };
		754721742639A02200859C50 /* Animations.swift */ = {isa = PBXFileReference; lastKnownFileType = sourcecode.swift; path = Animations.swift; sourceTree = "<group>"; };
		75E53E742638610B0085CE38 /* TeachSpring.app */ = {isa = PBXFileReference; explicitFileType = wrapper.application; includeInIndex = 0; path = TeachSpring.app; sourceTree = BUILT_PRODUCTS_DIR; };
		75E53E772638610B0085CE38 /* AppDelegate.swift */ = {isa = PBXFileReference; lastKnownFileType = sourcecode.swift; path = AppDelegate.swift; sourceTree = "<group>"; };
		75E53E792638610B0085CE38 /* SceneDelegate.swift */ = {isa = PBXFileReference; lastKnownFileType = sourcecode.swift; path = SceneDelegate.swift; sourceTree = "<group>"; };
		75E53E7B2638610B0085CE38 /* ViewController.swift */ = {isa = PBXFileReference; lastKnownFileType = sourcecode.swift; path = ViewController.swift; sourceTree = "<group>"; };
		75E53E7E2638610B0085CE38 /* Base */ = {isa = PBXFileReference; lastKnownFileType = file.storyboard; name = Base; path = Base.lproj/Main.storyboard; sourceTree = "<group>"; };
		75E53E802638610B0085CE38 /* Assets.xcassets */ = {isa = PBXFileReference; lastKnownFileType = folder.assetcatalog; path = Assets.xcassets; sourceTree = "<group>"; };
		75E53E832638610B0085CE38 /* Base */ = {isa = PBXFileReference; lastKnownFileType = file.storyboard; name = Base; path = Base.lproj/LaunchScreen.storyboard; sourceTree = "<group>"; };
		75E53E852638610B0085CE38 /* Info.plist */ = {isa = PBXFileReference; lastKnownFileType = text.plist.xml; path = Info.plist; sourceTree = "<group>"; };
		9765A6493F1C5A71AC5E4E08 /* Pods-TeachSpring.release.xcconfig */ = {isa = PBXFileReference; includeInIndex = 1; lastKnownFileType = text.xcconfig; name = "Pods-TeachSpring.release.xcconfig"; path = "Target Support Files/Pods-TeachSpring/Pods-TeachSpring.release.xcconfig"; sourceTree = "<group>"; };
/* End PBXFileReference section */

/* Begin PBXFrameworksBuildPhase section */
		75E53E712638610B0085CE38 /* Frameworks */ = {
			isa = PBXFrameworksBuildPhase;
			buildActionMask = 2147483647;
			files = (
				B8712B2DD848005666D9D256 /* Pods_TeachSpring.framework in Frameworks */,
			);
			runOnlyForDeploymentPostprocessing = 0;
		};
/* End PBXFrameworksBuildPhase section */

/* Begin PBXGroup section */
		5B83757FE1D7C29325CAB139 /* Frameworks */ = {
			isa = PBXGroup;
			children = (
				5C16E453FAA905977951FDF1 /* Pods_TeachSpring.framework */,
			);
			name = Frameworks;
			sourceTree = "<group>";
		};
		75E53E6B2638610B0085CE38 = {
			isa = PBXGroup;
			children = (
				75E53E762638610B0085CE38 /* TeachSpring */,
				75E53E752638610B0085CE38 /* Products */,
				D785B529D03EF548D85F4500 /* Pods */,
				5B83757FE1D7C29325CAB139 /* Frameworks */,
			);
			sourceTree = "<group>";
		};
		75E53E752638610B0085CE38 /* Products */ = {
			isa = PBXGroup;
			children = (
				75E53E742638610B0085CE38 /* TeachSpring.app */,
			);
			name = Products;
			sourceTree = "<group>";
		};
		75E53E762638610B0085CE38 /* TeachSpring */ = {
			isa = PBXGroup;
			children = (
				75E53E772638610B0085CE38 /* AppDelegate.swift */,
				75E53E792638610B0085CE38 /* SceneDelegate.swift */,
				75E53E7B2638610B0085CE38 /* ViewController.swift */,
				75E53E7D2638610B0085CE38 /* Main.storyboard */,
				754721742639A02200859C50 /* Animations.swift */,
				75E53E802638610B0085CE38 /* Assets.xcassets */,
				75E53E822638610B0085CE38 /* LaunchScreen.storyboard */,
				75E53E852638610B0085CE38 /* Info.plist */,
			);
			path = TeachSpring;
			sourceTree = "<group>";
		};
		D785B529D03EF548D85F4500 /* Pods */ = {
			isa = PBXGroup;
			children = (
				0484DEECBFA78A35C8088F9E /* Pods-TeachSpring.debug.xcconfig */,
				9765A6493F1C5A71AC5E4E08 /* Pods-TeachSpring.release.xcconfig */,
			);
			path = Pods;
			sourceTree = "<group>";
		};
/* End PBXGroup section */

/* Begin PBXNativeTarget section */
		75E53E732638610B0085CE38 /* TeachSpring */ = {
			isa = PBXNativeTarget;
			buildConfigurationList = 75E53E882638610B0085CE38 /* Build configuration list for PBXNativeTarget "TeachSpring" */;
			buildPhases = (
				E2FB2E4644E8300F18F6AFC1 /* [CP] Check Pods Manifest.lock */,
				75E53E702638610B0085CE38 /* Sources */,
				75E53E712638610B0085CE38 /* Frameworks */,
				75E53E722638610B0085CE38 /* Resources */,
				502239F28593C7BFA60266DC /* [CP] Embed Pods Frameworks */,
			);
			buildRules = (
			);
			dependencies = (
			);
			name = TeachSpring;
			productName = TeachSpring;
			productReference = 75E53E742638610B0085CE38 /* TeachSpring.app */;
			productType = "com.apple.product-type.application";
		};
/* End PBXNativeTarget section */

/* Begin PBXProject section */
		75E53E6C2638610B0085CE38 /* Project object */ = {
			isa = PBXProject;
			attributes = {
				LastSwiftUpdateCheck = 1250;
				LastUpgradeCheck = 1250;
				TargetAttributes = {
					75E53E732638610B0085CE38 = {
						CreatedOnToolsVersion = 12.5;
					};
				};
			};
			buildConfigurationList = 75E53E6F2638610B0085CE38 /* Build configuration list for PBXProject "TeachSpring" */;
			compatibilityVersion = "Xcode 9.3";
			developmentRegion = en;
			hasScannedForEncodings = 0;
			knownRegions = (
				en,
				Base,
			);
			mainGroup = 75E53E6B2638610B0085CE38;
			productRefGroup = 75E53E752638610B0085CE38 /* Products */;
			projectDirPath = "";
			projectRoot = "";
			targets = (
				75E53E732638610B0085CE38 /* TeachSpring */,
			);
		};
/* End PBXProject section */

/* Begin PBXResourcesBuildPhase section */
		75E53E722638610B0085CE38 /* Resources */ = {
			isa = PBXResourcesBuildPhase;
			buildActionMask = 2147483647;
			files = (
				75E53E842638610B0085CE38 /* LaunchScreen.storyboard in Resources */,
				75E53E812638610B0085CE38 /* Assets.xcassets in Resources */,
				75E53E7F2638610B0085CE38 /* Main.storyboard in Resources */,
			);
			runOnlyForDeploymentPostprocessing = 0;
		};
/* End PBXResourcesBuildPhase section */

/* Begin PBXShellScriptBuildPhase section */
		502239F28593C7BFA60266DC /* [CP] Embed Pods Frameworks */ = {
			isa = PBXShellScriptBuildPhase;
			buildActionMask = 2147483647;
			files = (
			);
			inputFileListPaths = (
				"${PODS_ROOT}/Target Support Files/Pods-TeachSpring/Pods-TeachSpring-frameworks-${CONFIGURATION}-input-files.xcfilelist",
			);
			name = "[CP] Embed Pods Frameworks";
			outputFileListPaths = (
				"${PODS_ROOT}/Target Support Files/Pods-TeachSpring/Pods-TeachSpring-frameworks-${CONFIGURATION}-output-files.xcfilelist",
			);
			runOnlyForDeploymentPostprocessing = 0;
			shellPath = /bin/sh;
			shellScript = "\"${PODS_ROOT}/Target Support Files/Pods-TeachSpring/Pods-TeachSpring-frameworks.sh\"\n";
			showEnvVarsInLog = 0;
		};
		E2FB2E4644E8300F18F6AFC1 /* [CP] Check Pods Manifest.lock */ = {
			isa = PBXShellScriptBuildPhase;
			buildActionMask = 2147483647;
			files = (
			);
			inputFileListPaths = (
			);
			inputPaths = (
				"${PODS_PODFILE_DIR_PATH}/Podfile.lock",
				"${PODS_ROOT}/Manifest.lock",
			);
			name = "[CP] Check Pods Manifest.lock";
			outputFileListPaths = (
			);
			outputPaths = (
				"$(DERIVED_FILE_DIR)/Pods-TeachSpring-checkManifestLockResult.txt",
			);
			runOnlyForDeploymentPostprocessing = 0;
			shellPath = /bin/sh;
			shellScript = "diff \"${PODS_PODFILE_DIR_PATH}/Podfile.lock\" \"${PODS_ROOT}/Manifest.lock\" > /dev/null\nif [ $? != 0 ] ; then\n    # print error to STDERR\n    echo \"error: The sandbox is not in sync with the Podfile.lock. Run 'pod install' or update your CocoaPods installation.\" >&2\n    exit 1\nfi\n# This output is used by Xcode 'outputs' to avoid re-running this script phase.\necho \"SUCCESS\" > \"${SCRIPT_OUTPUT_FILE_0}\"\n";
			showEnvVarsInLog = 0;
		};
/* End PBXShellScriptBuildPhase section */

/* Begin PBXSourcesBuildPhase section */
		75E53E702638610B0085CE38 /* Sources */ = {
			isa = PBXSourcesBuildPhase;
			buildActionMask = 2147483647;
			files = (
				75E53E7C2638610B0085CE38 /* ViewController.swift in Sources */,
				75E53E782638610B0085CE38 /* AppDelegate.swift in Sources */,
				754721752639A02200859C50 /* Animations.swift in Sources */,
				75E53E7A2638610B0085CE38 /* SceneDelegate.swift in Sources */,
			);
			runOnlyForDeploymentPostprocessing = 0;
		};
/* End PBXSourcesBuildPhase section */

/* Begin PBXVariantGroup section */
		75E53E7D2638610B0085CE38 /* Main.storyboard */ = {
			isa = PBXVariantGroup;
			children = (
				75E53E7E2638610B0085CE38 /* Base */,
			);
			name = Main.storyboard;
			sourceTree = "<group>";
		};
		75E53E822638610B0085CE38 /* LaunchScreen.storyboard */ = {
			isa = PBXVariantGroup;
			children = (
				75E53E832638610B0085CE38 /* Base */,
			);
			name = LaunchScreen.storyboard;
			sourceTree = "<group>";
		};
/* End PBXVariantGroup section */

/* Begin XCBuildConfiguration section */
		75E53E862638610B0085CE38 /* Debug */ = {
			isa = XCBuildConfiguration;
			buildSettings = {
				ALWAYS_SEARCH_USER_PATHS = NO;
				CLANG_ANALYZER_NONNULL = YES;
				CLANG_ANALYZER_NUMBER_OBJECT_CONVERSION = YES_AGGRESSIVE;
				CLANG_CXX_LANGUAGE_STANDARD = "gnu++14";
				CLANG_CXX_LIBRARY = "libc++";
				CLANG_ENABLE_MODULES = YES;
				CLANG_ENABLE_OBJC_ARC = YES;
				CLANG_ENABLE_OBJC_WEAK = YES;
				CLANG_WARN_BLOCK_CAPTURE_AUTORELEASING = YES;
				CLANG_WARN_BOOL_CONVERSION = YES;
				CLANG_WARN_COMMA = YES;
				CLANG_WARN_CONSTANT_CONVERSION = YES;
				CLANG_WARN_DEPRECATED_OBJC_IMPLEMENTATIONS = YES;
				CLANG_WARN_DIRECT_OBJC_ISA_USAGE = YES_ERROR;
				CLANG_WARN_DOCUMENTATION_COMMENTS = YES;
				CLANG_WARN_EMPTY_BODY = YES;
				CLANG_WARN_ENUM_CONVERSION = YES;
				CLANG_WARN_INFINITE_RECURSION = YES;
				CLANG_WARN_INT_CONVERSION = YES;
				CLANG_WARN_NON_LITERAL_NULL_CONVERSION = YES;
				CLANG_WARN_OBJC_IMPLICIT_RETAIN_SELF = YES;
				CLANG_WARN_OBJC_LITERAL_CONVERSION = YES;
				CLANG_WARN_OBJC_ROOT_CLASS = YES_ERROR;
				CLANG_WARN_QUOTED_INCLUDE_IN_FRAMEWORK_HEADER = YES;
				CLANG_WARN_RANGE_LOOP_ANALYSIS = YES;
				CLANG_WARN_STRICT_PROTOTYPES = YES;
				CLANG_WARN_SUSPICIOUS_MOVE = YES;
				CLANG_WARN_UNGUARDED_AVAILABILITY = YES_AGGRESSIVE;
				CLANG_WARN_UNREACHABLE_CODE = YES;
				CLANG_WARN__DUPLICATE_METHOD_MATCH = YES;
				COPY_PHASE_STRIP = NO;
				DEBUG_INFORMATION_FORMAT = dwarf;
				ENABLE_STRICT_OBJC_MSGSEND = YES;
				ENABLE_TESTABILITY = YES;
				GCC_C_LANGUAGE_STANDARD = gnu11;
				GCC_DYNAMIC_NO_PIC = NO;
				GCC_NO_COMMON_BLOCKS = YES;
				GCC_OPTIMIZATION_LEVEL = 0;
				GCC_PREPROCESSOR_DEFINITIONS = (
					"DEBUG=1",
					"$(inherited)",
				);
				GCC_WARN_64_TO_32_BIT_CONVERSION = YES;
				GCC_WARN_ABOUT_RETURN_TYPE = YES_ERROR;
				GCC_WARN_UNDECLARED_SELECTOR = YES;
				GCC_WARN_UNINITIALIZED_AUTOS = YES_AGGRESSIVE;
				GCC_WARN_UNUSED_FUNCTION = YES;
				GCC_WARN_UNUSED_VARIABLE = YES;
				IPHONEOS_DEPLOYMENT_TARGET = 14.5;
				MTL_ENABLE_DEBUG_INFO = INCLUDE_SOURCE;
				MTL_FAST_MATH = YES;
				ONLY_ACTIVE_ARCH = YES;
				SDKROOT = iphoneos;
				SWIFT_ACTIVE_COMPILATION_CONDITIONS = DEBUG;
				SWIFT_OPTIMIZATION_LEVEL = "-Onone";
			};
			name = Debug;
		};
		75E53E872638610B0085CE38 /* Release */ = {
			isa = XCBuildConfiguration;
			buildSettings = {
				ALWAYS_SEARCH_USER_PATHS = NO;
				CLANG_ANALYZER_NONNULL = YES;
				CLANG_ANALYZER_NUMBER_OBJECT_CONVERSION = YES_AGGRESSIVE;
				CLANG_CXX_LANGUAGE_STANDARD = "gnu++14";
				CLANG_CXX_LIBRARY = "libc++";
				CLANG_ENABLE_MODULES = YES;
				CLANG_ENABLE_OBJC_ARC = YES;
				CLANG_ENABLE_OBJC_WEAK = YES;
				CLANG_WARN_BLOCK_CAPTURE_AUTORELEASING = YES;
				CLANG_WARN_BOOL_CONVERSION = YES;
				CLANG_WARN_COMMA = YES;
				CLANG_WARN_CONSTANT_CONVERSION = YES;
				CLANG_WARN_DEPRECATED_OBJC_IMPLEMENTATIONS = YES;
				CLANG_WARN_DIRECT_OBJC_ISA_USAGE = YES_ERROR;
				CLANG_WARN_DOCUMENTATION_COMMENTS = YES;
				CLANG_WARN_EMPTY_BODY = YES;
				CLANG_WARN_ENUM_CONVERSION = YES;
				CLANG_WARN_INFINITE_RECURSION = YES;
				CLANG_WARN_INT_CONVERSION = YES;
				CLANG_WARN_NON_LITERAL_NULL_CONVERSION = YES;
				CLANG_WARN_OBJC_IMPLICIT_RETAIN_SELF = YES;
				CLANG_WARN_OBJC_LITERAL_CONVERSION = YES;
				CLANG_WARN_OBJC_ROOT_CLASS = YES_ERROR;
				CLANG_WARN_QUOTED_INCLUDE_IN_FRAMEWORK_HEADER = YES;
				CLANG_WARN_RANGE_LOOP_ANALYSIS = YES;
				CLANG_WARN_STRICT_PROTOTYPES = YES;
				CLANG_WARN_SUSPICIOUS_MOVE = YES;
				CLANG_WARN_UNGUARDED_AVAILABILITY = YES_AGGRESSIVE;
				CLANG_WARN_UNREACHABLE_CODE = YES;
				CLANG_WARN__DUPLICATE_METHOD_MATCH = YES;
				COPY_PHASE_STRIP = NO;
				DEBUG_INFORMATION_FORMAT = "dwarf-with-dsym";
				ENABLE_NS_ASSERTIONS = NO;
				ENABLE_STRICT_OBJC_MSGSEND = YES;
				GCC_C_LANGUAGE_STANDARD = gnu11;
				GCC_NO_COMMON_BLOCKS = YES;
				GCC_WARN_64_TO_32_BIT_CONVERSION = YES;
				GCC_WARN_ABOUT_RETURN_TYPE = YES_ERROR;
				GCC_WARN_UNDECLARED_SELECTOR = YES;
				GCC_WARN_UNINITIALIZED_AUTOS = YES_AGGRESSIVE;
				GCC_WARN_UNUSED_FUNCTION = YES;
				GCC_WARN_UNUSED_VARIABLE = YES;
				IPHONEOS_DEPLOYMENT_TARGET = 14.5;
				MTL_ENABLE_DEBUG_INFO = NO;
				MTL_FAST_MATH = YES;
				SDKROOT = iphoneos;
				SWIFT_COMPILATION_MODE = wholemodule;
				SWIFT_OPTIMIZATION_LEVEL = "-O";
				VALIDATE_PRODUCT = YES;
			};
			name = Release;
		};
		75E53E892638610B0085CE38 /* Debug */ = {
			isa = XCBuildConfiguration;
			baseConfigurationReference = 0484DEECBFA78A35C8088F9E /* Pods-TeachSpring.debug.xcconfig */;
			buildSettings = {
				ASSETCATALOG_COMPILER_APPICON_NAME = AppIcon;
				ASSETCATALOG_COMPILER_GLOBAL_ACCENT_COLOR_NAME = AccentColor;
				CODE_SIGN_STYLE = Automatic;
				INFOPLIST_FILE = TeachSpring/Info.plist;
				LD_RUNPATH_SEARCH_PATHS = (
					"$(inherited)",
					"@executable_path/Frameworks",
				);
				PRODUCT_BUNDLE_IDENTIFIER = Test.TeachSpring;
				PRODUCT_NAME = "$(TARGET_NAME)";
				SWIFT_VERSION = 5.0;
				TARGETED_DEVICE_FAMILY = "1,2";
			};
			name = Debug;
		};
		75E53E8A2638610B0085CE38 /* Release */ = {
			isa = XCBuildConfiguration;
			baseConfigurationReference = 9765A6493F1C5A71AC5E4E08 /* Pods-TeachSpring.release.xcconfig */;
			buildSettings = {
				ASSETCATALOG_COMPILER_APPICON_NAME = AppIcon;
				ASSETCATALOG_COMPILER_GLOBAL_ACCENT_COLOR_NAME = AccentColor;
				CODE_SIGN_STYLE = Automatic;
				INFOPLIST_FILE = TeachSpring/Info.plist;
				LD_RUNPATH_SEARCH_PATHS = (
					"$(inherited)",
					"@executable_path/Frameworks",
				);
				PRODUCT_BUNDLE_IDENTIFIER = Test.TeachSpring;
				PRODUCT_NAME = "$(TARGET_NAME)";
				SWIFT_VERSION = 5.0;
				TARGETED_DEVICE_FAMILY = "1,2";
			};
			name = Release;
		};
/* End XCBuildConfiguration section */

/* Begin XCConfigurationList section */
		75E53E6F2638610B0085CE38 /* Build configuration list for PBXProject "TeachSpring" */ = {
			isa = XCConfigurationList;
			buildConfigurations = (
				75E53E862638610B0085CE38 /* Debug */,
				75E53E872638610B0085CE38 /* Release */,
			);
			defaultConfigurationIsVisible = 0;
			defaultConfigurationName = Release;
		};
		75E53E882638610B0085CE38 /* Build configuration list for PBXNativeTarget "TeachSpring" */ = {
			isa = XCConfigurationList;
			buildConfigurations = (
				75E53E892638610B0085CE38 /* Debug */,
				75E53E8A2638610B0085CE38 /* Release */,
			);
			defaultConfigurationIsVisible = 0;
			defaultConfigurationName = Release;
		};
/* End XCConfigurationList section */
	};
	rootObject = 75E53E6C2638610B0085CE38 /* Project object */;
}
